{
  "name": "please-upgrade-node",
  "version": "1.0.1",
  "lockfileVersion": 1,
  "requires": true,
  "dependencies": {
    "pkg-ok": {
      "version": "1.1.0",
      "resolved": "https://registry.npmjs.org/pkg-ok/-/pkg-ok-1.1.0.tgz",
      "integrity": "sha1-Bpi2bSSBg/fj8lKSYu6s3/fO83E=",
      "dev": true
    },
    "prettier": {
      "version": "1.5.2",
      "resolved": "https://registry.npmjs.org/prettier/-/prettier-1.5.2.tgz",
      "integrity": "sha512-f55mvineQ5yc36cLX4n4RWP6JH6MLcfi5f9MVsjpfBs4MVSG2GYT4v6cukzmvkIOvmNOdCZfDSMY3hQcMcDQbQ==",
      "dev": true
    },
    "semver": {
      "version": "5.3.0",
      "resolved": "https://registry.npmjs.org/semver/-/semver-5.3.0.tgz",
      "integrity": "sha1-myzl094C0XxgEq0yaqa00M9U+U8="
    }
  }
}
