{
  "name": "please-upgrade-node",
  "version": "3.0.0",
  "lockfileVersion": 1,
  "requires": true,
  "dependencies": {
    "caller-id": {
      "version": "0.1.0",
      "resolved": "https://registry.npmjs.org/caller-id/-/caller-id-0.1.0.tgz",
      "integrity": "sha1-Wb2sCJPRLDhxQIJ5Ix+XRYNk8Hs=",
      "dev": true,
      "requires": {
        "stack-trace": "0.0.10"
      }
    },
    "mock-require": {
      "version": "2.0.2",
      "resolved": "https://registry.npmjs.org/mock-require/-/mock-require-2.0.2.tgz",
      "integrity": "sha1-HqpxqtIwE3c9En3H6Ro/u0g31g0=",
      "dev": true,
      "requires": {
        "caller-id": "0.1.0"
      }
    },
    "pkg-ok": {
      "version": "1.1.0",
      "resolved": "https://registry.npmjs.org/pkg-ok/-/pkg-ok-1.1.0.tgz",
      "integrity": "sha1-Bpi2bSSBg/fj8lKSYu6s3/fO83E=",
      "dev": true
    },
    "prettier": {
      "version": "1.5.2",
      "resolved": "https://registry.npmjs.org/prettier/-/prettier-1.5.2.tgz",
      "integrity": "sha512-f55mvineQ5yc36cLX4n4RWP6JH6MLcfi5f9MVsjpfBs4MVSG2GYT4v6cukzmvkIOvmNOdCZfDSMY3hQcMcDQbQ==",
      "dev": true
    },
    "stack-trace": {
      "version": "0.0.10",
      "resolved": "https://registry.npmjs.org/stack-trace/-/stack-trace-0.0.10.tgz",
      "integrity": "sha1-VHxws0fo0ytOEI6hoqFZ5f3eGcA=",
      "dev": true
    }
  }
}
